
Microsoft Visual Studio Solution File, Format Version 12.00
# Visual Studio Version 17
VisualStudioVersion = 17.5.002.0
MinimumVisualStudioVersion = 10.0.40219.1
Project("{9A19103F-16F7-4668-BE54-9A1E7A4F7556}") = "KJLOG", "KJLOG.csproj", "{31785A72-3C92-422D-B344-9AC771C9FD02}"
EndProject
Global
	GlobalSection(SolutionConfigurationPlatforms) = preSolution
		Debug|Any CPU = Debug|Any CPU
		Release|Any CPU = Release|Any CPU
	EndGlobalSection
	GlobalSection(ProjectConfigurationPlatforms) = postSolution
		{31785A72-3C92-422D-B344-9AC771C9FD02}.Debug|Any CPU.ActiveCfg = Debug|Any CPU
		{31785A72-3C92-422D-B344-9AC771C9FD02}.Debug|Any CPU.Build.0 = Debug|Any CPU
		{31785A72-3C92-422D-B344-9AC771C9FD02}.Release|Any CPU.ActiveCfg = Release|Any CPU
		{31785A72-3C92-422D-B344-9AC771C9FD02}.Release|Any CPU.Build.0 = Release|Any CPU
	EndGlobalSection
	GlobalSection(SolutionProperties) = preSolution
		HideSolutionNode = FALSE
	EndGlobalSection
	GlobalSection(ExtensibilityGlobals) = postSolution
		SolutionGuid = {6843D72F-1681-4006-83DB-560FDD5B77F6}
	EndGlobalSection
EndGlobal
